{
  "version": 1,
  "dependencies": {
    "net7.0": {
      "RestSharp": {
        "type": "Direct",
        "requested": "[108.0.1, )",
        "resolved": "108.0.1",
        "contentHash": "XKwuwWq7A4dxZ8l9QkS2+ePLJ9ImmLaJSeFO6H2kpII4Us4n1NRs4w3c//8H2BYpL1XqBE8nmsd9aNCVBwXmOA=="
      }
    }
  }
}